<Solution>
  <Project Path="backend/SMARsvp.API/SMARsvp.API.csproj" />
  <Project Path="backend/SMARsvp.Application/SMARsvp.Application.csproj" />
  <Project Path="backend/SMARsvp.Domain/SMARsvp.Domain.csproj" />
  <Project Path="backend/SMARsvp.Infrastructure/SMARsvp.Infrastructure.csproj" />
</Solution>